// !$*UTF8*$!
{
	archiveVersion = 1;
	classes = {
	};
	objectVersion = 52;
	objects = {

/* Begin PBXBuildFile section */
		D8F403652570A1190031FEDE /* AppDelegate.swift in Sources */ = {isa = PBXBuildFile; fileRef = D8F403642570A1190031FEDE /* AppDelegate.swift */; };
		D8F403672570A1190031FEDE /* SceneDelegate.swift in Sources */ = {isa = PBXBuildFile; fileRef = D8F403662570A1190031FEDE /* SceneDelegate.swift */; };
		D8F403692570A1190031FEDE /* ViewController.swift in Sources */ = {isa = PBXBuildFile; fileRef = D8F403682570A1190031FEDE /* ViewController.swift */; };
		D8F4036E2570A11C0031FEDE /* Assets.xcassets in Resources */ = {isa = PBXBuildFile; fileRef = D8F4036D2570A11C0031FEDE /* Assets.xcassets */; };
		D8F403712570A11C0031FEDE /* LaunchScreen.storyboard in Resources */ = {isa = PBXBuildFile; fileRef = D8F4036F2570A11C0031FEDE /* LaunchScreen.storyboard */; };
		D8F4037C2570A7C50031FEDE /* Alamofire in Frameworks */ = {isa = PBXBuildFile; productRef = D8F4037B2570A7C50031FEDE /* Alamofire */; };
		D8F403802570A9950031FEDE /* BottomSheetViewController.swift in Sources */ = {isa = PBXBuildFile; fileRef = D8F4037F2570A9950031FEDE /* BottomSheetViewController.swift */; };
		D8F403862574672A0031FEDE /* StationTableViewCell.swift in Sources */ = {isa = PBXBuildFile; fileRef = D8F403852574672A0031FEDE /* StationTableViewCell.swift */; };
		D8F403892574685E0031FEDE /* StationViewModel.swift in Sources */ = {isa = PBXBuildFile; fileRef = D8F403882574685E0031FEDE /* StationViewModel.swift */; };
		D8F4038C257468AB0031FEDE /* Station.swift in Sources */ = {isa = PBXBuildFile; fileRef = D8F4038B257468AB0031FEDE /* Station.swift */; };
		D8F403932574B0D80031FEDE /* SearchResultsTableViewController.swift in Sources */ = {isa = PBXBuildFile; fileRef = D8F403922574B0D80031FEDE /* SearchResultsTableViewController.swift */; };
		D8F4039825755A400031FEDE /* FavoritesTableViewController.swift in Sources */ = {isa = PBXBuildFile; fileRef = D8F4039725755A400031FEDE /* FavoritesTableViewController.swift */; };
/* End PBXBuildFile section */

/* Begin PBXFileReference section */
		D8F403612570A1190031FEDE /* smarta.app */ = {isa = PBXFileReference; explicitFileType = wrapper.application; includeInIndex = 0; path = smarta.app; sourceTree = BUILT_PRODUCTS_DIR; };
		D8F403642570A1190031FEDE /* AppDelegate.swift */ = {isa = PBXFileReference; lastKnownFileType = sourcecode.swift; path = AppDelegate.swift; sourceTree = "<group>"; };
		D8F403662570A1190031FEDE /* SceneDelegate.swift */ = {isa = PBXFileReference; lastKnownFileType = sourcecode.swift; path = SceneDelegate.swift; sourceTree = "<group>"; };
		D8F403682570A1190031FEDE /* ViewController.swift */ = {isa = PBXFileReference; lastKnownFileType = sourcecode.swift; path = ViewController.swift; sourceTree = "<group>"; };
		D8F4036D2570A11C0031FEDE /* Assets.xcassets */ = {isa = PBXFileReference; lastKnownFileType = folder.assetcatalog; path = Assets.xcassets; sourceTree = "<group>"; };
		D8F403702570A11C0031FEDE /* Base */ = {isa = PBXFileReference; lastKnownFileType = file.storyboard; name = Base; path = Base.lproj/LaunchScreen.storyboard; sourceTree = "<group>"; };
		D8F403722570A11C0031FEDE /* Info.plist */ = {isa = PBXFileReference; lastKnownFileType = text.plist.xml; path = Info.plist; sourceTree = "<group>"; };
		D8F4037F2570A9950031FEDE /* BottomSheetViewController.swift */ = {isa = PBXFileReference; lastKnownFileType = sourcecode.swift; path = BottomSheetViewController.swift; sourceTree = "<group>"; };
		D8F403852574672A0031FEDE /* StationTableViewCell.swift */ = {isa = PBXFileReference; lastKnownFileType = sourcecode.swift; path = StationTableViewCell.swift; sourceTree = "<group>"; };
		D8F403882574685E0031FEDE /* StationViewModel.swift */ = {isa = PBXFileReference; lastKnownFileType = sourcecode.swift; path = StationViewModel.swift; sourceTree = "<group>"; };
		D8F4038B257468AB0031FEDE /* Station.swift */ = {isa = PBXFileReference; lastKnownFileType = sourcecode.swift; path = Station.swift; sourceTree = "<group>"; };
		D8F403922574B0D80031FEDE /* SearchResultsTableViewController.swift */ = {isa = PBXFileReference; lastKnownFileType = sourcecode.swift; path = SearchResultsTableViewController.swift; sourceTree = "<group>"; };
		D8F4039725755A400031FEDE /* FavoritesTableViewController.swift */ = {isa = PBXFileReference; lastKnownFileType = sourcecode.swift; path = FavoritesTableViewController.swift; sourceTree = "<group>"; };
/* End PBXFileReference section */

/* Begin PBXFrameworksBuildPhase section */
		D8F4035E2570A1190031FEDE /* Frameworks */ = {
			isa = PBXFrameworksBuildPhase;
			buildActionMask = 2147483647;
			files = (
				D8F4037C2570A7C50031FEDE /* Alamofire in Frameworks */,
			);
			runOnlyForDeploymentPostprocessing = 0;
		};
/* End PBXFrameworksBuildPhase section */

/* Begin PBXGroup section */
		D8F403582570A1190031FEDE = {
			isa = PBXGroup;
			children = (
				D8F403632570A1190031FEDE /* smarta */,
				D8F403622570A1190031FEDE /* Products */,
			);
			sourceTree = "<group>";
		};
		D8F403622570A1190031FEDE /* Products */ = {
			isa = PBXGroup;
			children = (
				D8F403612570A1190031FEDE /* smarta.app */,
			);
			name = Products;
			sourceTree = "<group>";
		};
		D8F403632570A1190031FEDE /* smarta */ = {
			isa = PBXGroup;
			children = (
				D8F403642570A1190031FEDE /* AppDelegate.swift */,
				D8F403662570A1190031FEDE /* SceneDelegate.swift */,
				D8F403682570A1190031FEDE /* ViewController.swift */,
				D8F4037F2570A9950031FEDE /* BottomSheetViewController.swift */,
				D8F4039725755A400031FEDE /* FavoritesTableViewController.swift */,
				D8F403922574B0D80031FEDE /* SearchResultsTableViewController.swift */,
				D8F403852574672A0031FEDE /* StationTableViewCell.swift */,
				D8F403882574685E0031FEDE /* StationViewModel.swift */,
				D8F4038B257468AB0031FEDE /* Station.swift */,
				D8F4036D2570A11C0031FEDE /* Assets.xcassets */,
				D8F4036F2570A11C0031FEDE /* LaunchScreen.storyboard */,
				D8F403722570A11C0031FEDE /* Info.plist */,
			);
			path = smarta;
			sourceTree = "<group>";
		};
/* End PBXGroup section */

/* Begin PBXNativeTarget section */
		D8F403602570A1190031FEDE /* smarta */ = {
			isa = PBXNativeTarget;
			buildConfigurationList = D8F403752570A11C0031FEDE /* Build configuration list for PBXNativeTarget "smarta" */;
			buildPhases = (
				D8F4035D2570A1190031FEDE /* Sources */,
				D8F4035E2570A1190031FEDE /* Frameworks */,
				D8F4035F2570A1190031FEDE /* Resources */,
			);
			buildRules = (
			);
			dependencies = (
			);
			name = smarta;
			packageProductDependencies = (
				D8F4037B2570A7C50031FEDE /* Alamofire */,
			);
			productName = smarta;
			productReference = D8F403612570A1190031FEDE /* smarta.app */;
			productType = "com.apple.product-type.application";
		};
/* End PBXNativeTarget section */

/* Begin PBXProject section */
		D8F403592570A1190031FEDE /* Project object */ = {
			isa = PBXProject;
			attributes = {
				LastSwiftUpdateCheck = 1220;
				LastUpgradeCheck = 1220;
				TargetAttributes = {
					D8F403602570A1190031FEDE = {
						CreatedOnToolsVersion = 12.2;
					};
				};
			};
			buildConfigurationList = D8F4035C2570A1190031FEDE /* Build configuration list for PBXProject "smarta" */;
			compatibilityVersion = "Xcode 9.3";
			developmentRegion = en;
			hasScannedForEncodings = 0;
			knownRegions = (
				en,
				Base,
			);
			mainGroup = D8F403582570A1190031FEDE;
			packageReferences = (
				D8F4037A2570A7C50031FEDE /* XCRemoteSwiftPackageReference "Alamofire" */,
			);
			productRefGroup = D8F403622570A1190031FEDE /* Products */;
			projectDirPath = "";
			projectRoot = "";
			targets = (
				D8F403602570A1190031FEDE /* smarta */,
			);
		};
/* End PBXProject section */

/* Begin PBXResourcesBuildPhase section */
		D8F4035F2570A1190031FEDE /* Resources */ = {
			isa = PBXResourcesBuildPhase;
			buildActionMask = 2147483647;
			files = (
				D8F403712570A11C0031FEDE /* LaunchScreen.storyboard in Resources */,
				D8F4036E2570A11C0031FEDE /* Assets.xcassets in Resources */,
			);
			runOnlyForDeploymentPostprocessing = 0;
		};
/* End PBXResourcesBuildPhase section */

/* Begin PBXSourcesBuildPhase section */
		D8F4035D2570A1190031FEDE /* Sources */ = {
			isa = PBXSourcesBuildPhase;
			buildActionMask = 2147483647;
			files = (
				D8F403692570A1190031FEDE /* ViewController.swift in Sources */,
				D8F4038C257468AB0031FEDE /* Station.swift in Sources */,
				D8F403862574672A0031FEDE /* StationTableViewCell.swift in Sources */,
				D8F4039825755A400031FEDE /* FavoritesTableViewController.swift in Sources */,
				D8F403652570A1190031FEDE /* AppDelegate.swift in Sources */,
				D8F403932574B0D80031FEDE /* SearchResultsTableViewController.swift in Sources */,
				D8F403672570A1190031FEDE /* SceneDelegate.swift in Sources */,
				D8F403802570A9950031FEDE /* BottomSheetViewController.swift in Sources */,
				D8F403892574685E0031FEDE /* StationViewModel.swift in Sources */,
			);
			runOnlyForDeploymentPostprocessing = 0;
		};
/* End PBXSourcesBuildPhase section */

/* Begin PBXVariantGroup section */
		D8F4036F2570A11C0031FEDE /* LaunchScreen.storyboard */ = {
			isa = PBXVariantGroup;
			children = (
				D8F403702570A11C0031FEDE /* Base */,
			);
			name = LaunchScreen.storyboard;
			sourceTree = "<group>";
		};
/* End PBXVariantGroup section */

/* Begin XCBuildConfiguration section */
		D8F403732570A11C0031FEDE /* Debug */ = {
			isa = XCBuildConfiguration;
			buildSettings = {
				ALWAYS_SEARCH_USER_PATHS = NO;
				CLANG_ANALYZER_NONNULL = YES;
				CLANG_ANALYZER_NUMBER_OBJECT_CONVERSION = YES_AGGRESSIVE;
				CLANG_CXX_LANGUAGE_STANDARD = "gnu++14";
				CLANG_CXX_LIBRARY = "libc++";
				CLANG_ENABLE_MODULES = YES;
				CLANG_ENABLE_OBJC_ARC = YES;
				CLANG_ENABLE_OBJC_WEAK = YES;
				CLANG_WARN_BLOCK_CAPTURE_AUTORELEASING = YES;
				CLANG_WARN_BOOL_CONVERSION = YES;
				CLANG_WARN_COMMA = YES;
				CLANG_WARN_CONSTANT_CONVERSION = YES;
				CLANG_WARN_DEPRECATED_OBJC_IMPLEMENTATIONS = YES;
				CLANG_WARN_DIRECT_OBJC_ISA_USAGE = YES_ERROR;
				CLANG_WARN_DOCUMENTATION_COMMENTS = YES;
				CLANG_WARN_EMPTY_BODY = YES;
				CLANG_WARN_ENUM_CONVERSION = YES;
				CLANG_WARN_INFINITE_RECURSION = YES;
				CLANG_WARN_INT_CONVERSION = YES;
				CLANG_WARN_NON_LITERAL_NULL_CONVERSION = YES;
				CLANG_WARN_OBJC_IMPLICIT_RETAIN_SELF = YES;
				CLANG_WARN_OBJC_LITERAL_CONVERSION = YES;
				CLANG_WARN_OBJC_ROOT_CLASS = YES_ERROR;
				CLANG_WARN_QUOTED_INCLUDE_IN_FRAMEWORK_HEADER = YES;
				CLANG_WARN_RANGE_LOOP_ANALYSIS = YES;
				CLANG_WARN_STRICT_PROTOTYPES = YES;
				CLANG_WARN_SUSPICIOUS_MOVE = YES;
				CLANG_WARN_UNGUARDED_AVAILABILITY = YES_AGGRESSIVE;
				CLANG_WARN_UNREACHABLE_CODE = YES;
				CLANG_WARN__DUPLICATE_METHOD_MATCH = YES;
				COPY_PHASE_STRIP = NO;
				DEBUG_INFORMATION_FORMAT = dwarf;
				ENABLE_STRICT_OBJC_MSGSEND = YES;
				ENABLE_TESTABILITY = YES;
				GCC_C_LANGUAGE_STANDARD = gnu11;
				GCC_DYNAMIC_NO_PIC = NO;
				GCC_NO_COMMON_BLOCKS = YES;
				GCC_OPTIMIZATION_LEVEL = 0;
				GCC_PREPROCESSOR_DEFINITIONS = (
					"DEBUG=1",
					"$(inherited)",
				);
				GCC_WARN_64_TO_32_BIT_CONVERSION = YES;
				GCC_WARN_ABOUT_RETURN_TYPE = YES_ERROR;
				GCC_WARN_UNDECLARED_SELECTOR = YES;
				GCC_WARN_UNINITIALIZED_AUTOS = YES_AGGRESSIVE;
				GCC_WARN_UNUSED_FUNCTION = YES;
				GCC_WARN_UNUSED_VARIABLE = YES;
				IPHONEOS_DEPLOYMENT_TARGET = 14.2;
				MTL_ENABLE_DEBUG_INFO = INCLUDE_SOURCE;
				MTL_FAST_MATH = YES;
				ONLY_ACTIVE_ARCH = YES;
				SDKROOT = iphoneos;
				SWIFT_ACTIVE_COMPILATION_CONDITIONS = DEBUG;
				SWIFT_OPTIMIZATION_LEVEL = "-Onone";
			};
			name = Debug;
		};
		D8F403742570A11C0031FEDE /* Release */ = {
			isa = XCBuildConfiguration;
			buildSettings = {
				ALWAYS_SEARCH_USER_PATHS = NO;
				CLANG_ANALYZER_NONNULL = YES;
				CLANG_ANALYZER_NUMBER_OBJECT_CONVERSION = YES_AGGRESSIVE;
				CLANG_CXX_LANGUAGE_STANDARD = "gnu++14";
				CLANG_CXX_LIBRARY = "libc++";
				CLANG_ENABLE_MODULES = YES;
				CLANG_ENABLE_OBJC_ARC = YES;
				CLANG_ENABLE_OBJC_WEAK = YES;
				CLANG_WARN_BLOCK_CAPTURE_AUTORELEASING = YES;
				CLANG_WARN_BOOL_CONVERSION = YES;
				CLANG_WARN_COMMA = YES;
				CLANG_WARN_CONSTANT_CONVERSION = YES;
				CLANG_WARN_DEPRECATED_OBJC_IMPLEMENTATIONS = YES;
				CLANG_WARN_DIRECT_OBJC_ISA_USAGE = YES_ERROR;
				CLANG_WARN_DOCUMENTATION_COMMENTS = YES;
				CLANG_WARN_EMPTY_BODY = YES;
				CLANG_WARN_ENUM_CONVERSION = YES;
				CLANG_WARN_INFINITE_RECURSION = YES;
				CLANG_WARN_INT_CONVERSION = YES;
				CLANG_WARN_NON_LITERAL_NULL_CONVERSION = YES;
				CLANG_WARN_OBJC_IMPLICIT_RETAIN_SELF = YES;
				CLANG_WARN_OBJC_LITERAL_CONVERSION = YES;
				CLANG_WARN_OBJC_ROOT_CLASS = YES_ERROR;
				CLANG_WARN_QUOTED_INCLUDE_IN_FRAMEWORK_HEADER = YES;
				CLANG_WARN_RANGE_LOOP_ANALYSIS = YES;
				CLANG_WARN_STRICT_PROTOTYPES = YES;
				CLANG_WARN_SUSPICIOUS_MOVE = YES;
				CLANG_WARN_UNGUARDED_AVAILABILITY = YES_AGGRESSIVE;
				CLANG_WARN_UNREACHABLE_CODE = YES;
				CLANG_WARN__DUPLICATE_METHOD_MATCH = YES;
				COPY_PHASE_STRIP = NO;
				DEBUG_INFORMATION_FORMAT = "dwarf-with-dsym";
				ENABLE_NS_ASSERTIONS = NO;
				ENABLE_STRICT_OBJC_MSGSEND = YES;
				GCC_C_LANGUAGE_STANDARD = gnu11;
				GCC_NO_COMMON_BLOCKS = YES;
				GCC_WARN_64_TO_32_BIT_CONVERSION = YES;
				GCC_WARN_ABOUT_RETURN_TYPE = YES_ERROR;
				GCC_WARN_UNDECLARED_SELECTOR = YES;
				GCC_WARN_UNINITIALIZED_AUTOS = YES_AGGRESSIVE;
				GCC_WARN_UNUSED_FUNCTION = YES;
				GCC_WARN_UNUSED_VARIABLE = YES;
				IPHONEOS_DEPLOYMENT_TARGET = 14.2;
				MTL_ENABLE_DEBUG_INFO = NO;
				MTL_FAST_MATH = YES;
				SDKROOT = iphoneos;
				SWIFT_COMPILATION_MODE = wholemodule;
				SWIFT_OPTIMIZATION_LEVEL = "-O";
				VALIDATE_PRODUCT = YES;
			};
			name = Release;
		};
		D8F403762570A11C0031FEDE /* Debug */ = {
			isa = XCBuildConfiguration;
			buildSettings = {
				ASSETCATALOG_COMPILER_APPICON_NAME = AppIcon;
				ASSETCATALOG_COMPILER_GLOBAL_ACCENT_COLOR_NAME = AccentColor;
				CODE_SIGN_STYLE = Automatic;
				DEVELOPMENT_TEAM = VL892F87QQ;
				INFOPLIST_FILE = smarta/Info.plist;
				LD_RUNPATH_SEARCH_PATHS = (
					"$(inherited)",
					"@executable_path/Frameworks",
				);
				PRODUCT_BUNDLE_IDENTIFIER = glaslabs.smarta;
				PRODUCT_NAME = "$(TARGET_NAME)";
				SWIFT_VERSION = 5.0;
				TARGETED_DEVICE_FAMILY = "1,2";
			};
			name = Debug;
		};
		D8F403772570A11C0031FEDE /* Release */ = {
			isa = XCBuildConfiguration;
			buildSettings = {
				ASSETCATALOG_COMPILER_APPICON_NAME = AppIcon;
				ASSETCATALOG_COMPILER_GLOBAL_ACCENT_COLOR_NAME = AccentColor;
				CODE_SIGN_STYLE = Automatic;
				DEVELOPMENT_TEAM = VL892F87QQ;
				INFOPLIST_FILE = smarta/Info.plist;
				LD_RUNPATH_SEARCH_PATHS = (
					"$(inherited)",
					"@executable_path/Frameworks",
				);
				PRODUCT_BUNDLE_IDENTIFIER = glaslabs.smarta;
				PRODUCT_NAME = "$(TARGET_NAME)";
				SWIFT_VERSION = 5.0;
				TARGETED_DEVICE_FAMILY = "1,2";
			};
			name = Release;
		};
/* End XCBuildConfiguration section */

/* Begin XCConfigurationList section */
		D8F4035C2570A1190031FEDE /* Build configuration list for PBXProject "smarta" */ = {
			isa = XCConfigurationList;
			buildConfigurations = (
				D8F403732570A11C0031FEDE /* Debug */,
				D8F403742570A11C0031FEDE /* Release */,
			);
			defaultConfigurationIsVisible = 0;
			defaultConfigurationName = Release;
		};
		D8F403752570A11C0031FEDE /* Build configuration list for PBXNativeTarget "smarta" */ = {
			isa = XCConfigurationList;
			buildConfigurations = (
				D8F403762570A11C0031FEDE /* Debug */,
				D8F403772570A11C0031FEDE /* Release */,
			);
			defaultConfigurationIsVisible = 0;
			defaultConfigurationName = Release;
		};
/* End XCConfigurationList section */

/* Begin XCRemoteSwiftPackageReference section */
		D8F4037A2570A7C50031FEDE /* XCRemoteSwiftPackageReference "Alamofire" */ = {
			isa = XCRemoteSwiftPackageReference;
			repositoryURL = "https://github.com/Alamofire/Alamofire.git";
			requirement = {
				kind = upToNextMajorVersion;
				minimumVersion = 5.4.0;
			};
		};
/* End XCRemoteSwiftPackageReference section */

/* Begin XCSwiftPackageProductDependency section */
		D8F4037B2570A7C50031FEDE /* Alamofire */ = {
			isa = XCSwiftPackageProductDependency;
			package = D8F4037A2570A7C50031FEDE /* XCRemoteSwiftPackageReference "Alamofire" */;
			productName = Alamofire;
		};
/* End XCSwiftPackageProductDependency section */
	};
	rootObject = D8F403592570A1190031FEDE /* Project object */;
}
